
Microsoft Visual Studio Solution File, Format Version 12.00
# Visual Studio Version 17
VisualStudioVersion = 17.5.33530.505
MinimumVisualStudioVersion = 10.0.40219.1
Project("{FAE04EC0-301F-11D3-BF4B-00C04F79EFBC}") = "csharp-oop-shop-2", "csharp-oop-shop-2\csharp-oop-shop-2.csproj", "{36F89184-4D12-4AB8-A64B-6FAD4C0E85EE}"
EndProject
Global
	GlobalSection(SolutionConfigurationPlatforms) = preSolution
		Debug|Any CPU = Debug|Any CPU
		Release|Any CPU = Release|Any CPU
	EndGlobalSection
	GlobalSection(ProjectConfigurationPlatforms) = postSolution
		{36F89184-4D12-4AB8-A64B-6FAD4C0E85EE}.Debug|Any CPU.ActiveCfg = Debug|Any CPU
		{36F89184-4D12-4AB8-A64B-6FAD4C0E85EE}.Debug|Any CPU.Build.0 = Debug|Any CPU
		{36F89184-4D12-4AB8-A64B-6FAD4C0E85EE}.Release|Any CPU.ActiveCfg = Release|Any CPU
		{36F89184-4D12-4AB8-A64B-6FAD4C0E85EE}.Release|Any CPU.Build.0 = Release|Any CPU
	EndGlobalSection
	GlobalSection(SolutionProperties) = preSolution
		HideSolutionNode = FALSE
	EndGlobalSection
	GlobalSection(ExtensibilityGlobals) = postSolution
		SolutionGuid = {48208C17-92FF-4D7B-8B58-233C6AE20CE1}
	EndGlobalSection
EndGlobal
